
Microsoft Visual Studio Solution File, Format Version 12.00
# Visual Studio Version 16
VisualStudioVersion = 16.0.30128.74
MinimumVisualStudioVersion = 10.0.40219.1
Project("{9A19103F-16F7-4668-BE54-9A1E7A4F7556}") = "ConsoleApp1", "ConsoleApp1\ConsoleApp1.csproj", "{C842EA40-1C12-4E62-A925-E0A635DC6C66}"
EndProject
Project("{9A19103F-16F7-4668-BE54-9A1E7A4F7556}") = "ClassLibrary1", "ClassLibrary1\ClassLibrary1.csproj", "{52CFE118-AFB9-4F66-B6E1-928567AEFCB0}"
EndProject
Global
	GlobalSection(SolutionConfigurationPlatforms) = preSolution
		Debug|Any CPU = Debug|Any CPU
		Release|Any CPU = Release|Any CPU
	EndGlobalSection
	GlobalSection(ProjectConfigurationPlatforms) = postSolution
		{C842EA40-1C12-4E62-A925-E0A635DC6C66}.Debug|Any CPU.ActiveCfg = Debug|Any CPU
		{C842EA40-1C12-4E62-A925-E0A635DC6C66}.Debug|Any CPU.Build.0 = Debug|Any CPU
		{C842EA40-1C12-4E62-A925-E0A635DC6C66}.Release|Any CPU.ActiveCfg = Release|Any CPU
		{C842EA40-1C12-4E62-A925-E0A635DC6C66}.Release|Any CPU.Build.0 = Release|Any CPU
		{52CFE118-AFB9-4F66-B6E1-928567AEFCB0}.Debug|Any CPU.ActiveCfg = Debug|Any CPU
		{52CFE118-AFB9-4F66-B6E1-928567AEFCB0}.Debug|Any CPU.Build.0 = Debug|Any CPU
		{52CFE118-AFB9-4F66-B6E1-928567AEFCB0}.Release|Any CPU.ActiveCfg = Release|Any CPU
		{52CFE118-AFB9-4F66-B6E1-928567AEFCB0}.Release|Any CPU.Build.0 = Release|Any CPU
	EndGlobalSection
	GlobalSection(SolutionProperties) = preSolution
		HideSolutionNode = FALSE
	EndGlobalSection
	GlobalSection(ExtensibilityGlobals) = postSolution
		SolutionGuid = {D37A9181-31D5-48E7-B647-65C2B77EA4CA}
	EndGlobalSection
EndGlobal
